# This file is autogenerated, do not edit; changes may be undone by the next 'dep ensure'.


[[projects]]
  digest = "1:b5af2c54e203a2dd7b4b88e9822f51e3e2922ed4fdfb0b1c2a5246d61a3598e1"
  name = "github.com/agtorre/gocolorize"
  packages = ["."]
  pruneopts = "UT"
  revision = "f42b554bf7f006936130c9bb4f971afd2d87f671"
  version = "v1.0.0"

[[projects]]
  digest = "1:6a539f22990dee302ae4ce63f29eae68061a546c4f30d75b2c4e7266c5619ce3"
  name = "github.com/inconshreveable/log15"
  packages = ["term"]
  pruneopts = "UT"
  revision = "67afb5ed74ec82fd7ac8f49d27c509ac6f991970"
  version = "v2.14"

[[projects]]
  digest = "1:a2cff208d4759f6ba1b1cd228587b0a1869f95f22542ec9cd17fff64430113c7"
  name = "github.com/jessevdk/go-flags"
  packages = ["."]
  pruneopts = "UT"
  revision = "c6ca198ec95c841fdb89fc0de7496fed11ab854e"
  version = "v1.4.0"

[[projects]]
  digest = "1:c658e84ad3916da105a761660dcaeb01e63416c8ec7bc62256a9b411a05fcd67"
  name = "github.com/mattn/go-colorable"
  packages = ["."]
  pruneopts = "UT"
  revision = "167de6bfdfba052fa6b2d3664c8f5272e23c9072"
  version = "v0.0.9"

[[projects]]
  digest = "1:0981502f9816113c9c8c4ac301583841855c8cf4da8c72f696b3ebedf6d0e4e5"
  name = "github.com/mattn/go-isatty"
  packages = ["."]
  pruneopts = "UT"
  revision = "6ca4dbf54d38eea1a992b3c722a76a5d1c4cb25c"
  version = "v0.0.4"

[[projects]]
  digest = "1:79aa387273485fd18b943419908e49e64c6e7696e0da630f32dcd6dbe7c4791f"
  name = "github.com/revel/cmd"
  packages = [
    ".",
    "harness",
    "logger",
    "model",
    "parser",
    "revel",
    "tests",
    "utils",
    "watcher",
  ]
  pruneopts = "UT"
  revision = "be7bebd9629a37a51845b37c502a920d324ff867"
  version = "v0.20.2"

[[projects]]
  digest = "1:4cf28ed1408f1412f4bf6841dbb2923e0e97c1d060499ae4e7fbfdd6d95052f8"
  name = "github.com/revel/config"
  packages = ["."]
  pruneopts = "UT"
  revision = "662332b741dd464a886ab0901379c02b9bc5dc30"
  version = "v0.20.0"

[[projects]]
  digest = "1:ad5e66a907bb1fbbca353c08c40a099e96daacc5761f7dc1e3293ab64b2f3d2e"
  name = "github.com/revel/log15"
  packages = ["."]
  pruneopts = "UT"
  revision = "793412a67da6f8d15fede4c38f5c66272478cb8a"
  version = "v2.11.20"

[[projects]]
  digest = "1:a0dfd75e72729ee0c32ac924f4eca3939647e10ce46fad7b11d9ea81088aeeca"
  name = "github.com/revel/modules"
  packages = [
    "static/app/controllers",
    "static/app/model",
    "testrunner/app",
    "testrunner/app/controllers",
  ]
  pruneopts = "UT"
  revision = "6403ed92ef388a1ec746c08db8456397fc0b8f89"
  version = "v0.20.1"

[[projects]]
  branch = "master"
  digest = "1:a0812e773563f2e41afebf582088a86b0f01eb5bd794c19ecc1bce25820b1fa2"
  name = "github.com/revel/pathtree"
  packages = ["."]
  pruneopts = "UT"
  revision = "41257a1839e945fce74afd070e02bab2ea2c776a"

[[projects]]
  digest = "1:bb9dd47ed3ff114d3dd5341629c55b66fb93479ed30ed2569a16c0c3c34ccdd9"
  name = "github.com/revel/revel"
  packages = [
    ".",
    "logger",
    "testing",
  ]
  pruneopts = "UT"
  revision = "fd65ef0defe5fa045524fd3319515793162a3628"
  version = "v0.20.0"

[[projects]]
  digest = "1:aafbac4d92cf743e01242738f6aa09cb7aa5259d7e1221cc2c146eb99854cc8e"
  name = "github.com/xeonx/timeago"
  packages = ["."]
  pruneopts = "UT"
  revision = "714e6695c468c22fb6431a914d8c5f9d19fa2367"
  version = "v1.0.0-rc3"

[[projects]]
  branch = "master"
  digest = "1:7427036b6d926b3d1fa0773771820735b35554a98296f1074df440ee30a97296"
  name = "golang.org/x/net"
  packages = ["websocket"]
  pruneopts = "UT"
  revision = "04a2e542c03f1d053ab3e4d6e5abcd4b66e2be8e"

[[projects]]
  branch = "master"
  digest = "1:be4f165c438aa39318fd5c8c180a95f4a52524641c0b714638b0fd9fd912b38d"
  name = "golang.org/x/sys"
  packages = ["unix"]
  pruneopts = "UT"
  revision = "8e24a49d80f82323e1c4db1b5da3e0f31171a151"

[[projects]]
  digest = "1:abeb38ade3f32a92943e5be54f55ed6d6e3b6602761d74b4aab4c9dd45c18abd"
  name = "gopkg.in/fsnotify/fsnotify.v1"
  packages = ["."]
  pruneopts = "UT"
  revision = "c2828203cd70a50dcccfb2761f8b1f8ceef9a8e9"
  version = "v1.4.7"

[[projects]]
  branch = "v2"
  digest = "1:988de7520a09024d5d94cd99bd545afbf194893994ec759b1cda0a0bbb6adb80"
  name = "gopkg.in/mgo.v2"
  packages = [
    ".",
    "bson",
    "internal/json",
    "internal/sasl",
    "internal/scram",
  ]
  pruneopts = "UT"
  revision = "9856a29383ce1c59f308dd1cf0363a79b5bef6b5"

[[projects]]
  digest = "1:c805e517269b0ba4c21ded5836019ed7d16953d4026cb7d00041d039c7906be9"
  name = "gopkg.in/natefinch/lumberjack.v2"
  packages = ["."]
  pruneopts = "UT"
  revision = "a96e63847dc3c67d17befa69c303767e2f84e54f"
  version = "v2.1"

[[projects]]
  branch = "v0"
  digest = "1:00d2943cfcfbb3dc043f6d8586d0db5a9e8507c36429babe8d5d1af8ee43a753"
  name = "gopkg.in/stack.v0"
  packages = ["."]
  pruneopts = "UT"
  revision = "9b43fcefddd0178abdabf4d484ab0d695d0011db"

[solve-meta]
  analyzer-name = "dep"
  analyzer-version = 1
  input-imports = [
    "github.com/revel/cmd/revel",
    "github.com/revel/modules/static/app/controllers",
    "github.com/revel/modules/testrunner/app",
    "github.com/revel/modules/testrunner/app/controllers",
    "github.com/revel/revel",
    "github.com/revel/revel/testing",
    "gopkg.in/mgo.v2",
    "gopkg.in/mgo.v2/bson",
  ]
  solver-name = "gps-cdcl"
  solver-version = 1
